
Microsoft Visual Studio Solution File, Format Version 12.00
# Visual Studio 14
VisualStudioVersion = 14.0.25420.1
MinimumVisualStudioVersion = 10.0.40219.1
Project("{FAE04EC0-301F-11D3-BF4B-00C04F79EFBC}") = "TGS.SGV.Comun", "TGS.SGV.Comun\TGS.SGV.Comun.csproj", "{6AACA4FE-3EB9-43D5-B446-F5D97B73A0EC}"
EndProject
Project("{2150E333-8FDC-42A3-9474-1A3956D46DE8}") = "01.Comun", "01.Comun", "{59652E9F-5893-443A-B2AE-A22E0A3887DA}"
EndProject
Project("{2150E333-8FDC-42A3-9474-1A3956D46DE8}") = "02.Modelo", "02.Modelo", "{E2585235-DA4D-4288-A691-539C82B7D983}"
EndProject
Project("{2150E333-8FDC-42A3-9474-1A3956D46DE8}") = "03.Infraestructura", "03.Infraestructura", "{34B48C36-7042-4AF1-A5EC-3D1B379874A2}"
EndProject
Project("{2150E333-8FDC-42A3-9474-1A3956D46DE8}") = "04-Servicio", "04-Servicio", "{2CA100AC-A2A5-48C4-98A2-5F6C6BBEED9C}"
EndProject
Project("{2150E333-8FDC-42A3-9474-1A3956D46DE8}") = "05.Presentacion", "05.Presentacion", "{389D22DF-B471-488D-BE65-CF7876D0537C}"
EndProject
Project("{FAE04EC0-301F-11D3-BF4B-00C04F79EFBC}") = "TGS.SGV.Servicio", "TGS.SGV.Servicio\TGS.SGV.Servicio.csproj", "{EC73CE8C-A0CF-4FC8-B365-3F21D9DFCC3A}"
EndProject
Project("{FAE04EC0-301F-11D3-BF4B-00C04F79EFBC}") = "TGS.SGV.Negocio", "TGS.SGV.Negocio\TGS.SGV.Negocio.csproj", "{1EFD60EC-E192-421B-8295-47FEC0002FAA}"
EndProject
Project("{FAE04EC0-301F-11D3-BF4B-00C04F79EFBC}") = "TGS.SGV.Servicio.Host", "TGS.SGV.Servicio.Host\TGS.SGV.Servicio.Host.csproj", "{EB2B205E-88D9-4A60-9CFE-28D57FCE7038}"
EndProject
Project("{FAE04EC0-301F-11D3-BF4B-00C04F79EFBC}") = "TGS.SGV.Strings", "TGS.SGV.Strings\TGS.SGV.Strings.csproj", "{DC57A5D2-C2B8-4DCD-8C0B-EF2620A2CB98}"
EndProject
Project("{FAE04EC0-301F-11D3-BF4B-00C04F79EFBC}") = "TGS.SGV.Modelo", "TGS.SGV.Modelo\TGS.SGV.Modelo.csproj", "{C151589D-EE5E-4899-895A-E47908B452E3}"
EndProject
Project("{FAE04EC0-301F-11D3-BF4B-00C04F79EFBC}") = "TGS.SGV.AccesoDatos", "TGS.SGV.AccesoDatos\TGS.SGV.AccesoDatos.csproj", "{83813FF7-C471-487C-AA1D-C3B91197A2AC}"
EndProject
Project("{FAE04EC0-301F-11D3-BF4B-00C04F79EFBC}") = "TGS.SGV.Web", "TGS.SGV.Web\TGS.SGV.Web.csproj", "{DA47195A-F3B8-403C-8C7A-11A9F566FA55}"
EndProject
Project("{2150E333-8FDC-42A3-9474-1A3956D46DE8}") = "06.Test", "06.Test", "{D3EDE1BE-4C56-4DA8-8800-24EDDD92F109}"
EndProject
Project("{FAE04EC0-301F-11D3-BF4B-00C04F79EFBC}") = "TGS.SGV.Test", "TGS.SGV.Test\TGS.SGV.Test.csproj", "{6779035F-69C3-4687-BA74-F68682AB47ED}"
EndProject
Project("{FAE04EC0-301F-11D3-BF4B-00C04F79EFBC}") = "TGS.SGV.Agente", "TGS.SGV.Agente\TGS.SGV.Agente.csproj", "{6AF573DB-BF9D-4873-825D-DF4D0CB9EA93}"
EndProject
Global
	GlobalSection(SolutionConfigurationPlatforms) = preSolution
		Debug|Any CPU = Debug|Any CPU
		Release|Any CPU = Release|Any CPU
	EndGlobalSection
	GlobalSection(ProjectConfigurationPlatforms) = postSolution
		{6AACA4FE-3EB9-43D5-B446-F5D97B73A0EC}.Debug|Any CPU.ActiveCfg = Debug|Any CPU
		{6AACA4FE-3EB9-43D5-B446-F5D97B73A0EC}.Debug|Any CPU.Build.0 = Debug|Any CPU
		{6AACA4FE-3EB9-43D5-B446-F5D97B73A0EC}.Release|Any CPU.ActiveCfg = Release|Any CPU
		{6AACA4FE-3EB9-43D5-B446-F5D97B73A0EC}.Release|Any CPU.Build.0 = Release|Any CPU
		{EC73CE8C-A0CF-4FC8-B365-3F21D9DFCC3A}.Debug|Any CPU.ActiveCfg = Debug|Any CPU
		{EC73CE8C-A0CF-4FC8-B365-3F21D9DFCC3A}.Debug|Any CPU.Build.0 = Debug|Any CPU
		{EC73CE8C-A0CF-4FC8-B365-3F21D9DFCC3A}.Release|Any CPU.ActiveCfg = Release|Any CPU
		{EC73CE8C-A0CF-4FC8-B365-3F21D9DFCC3A}.Release|Any CPU.Build.0 = Release|Any CPU
		{1EFD60EC-E192-421B-8295-47FEC0002FAA}.Debug|Any CPU.ActiveCfg = Debug|Any CPU
		{1EFD60EC-E192-421B-8295-47FEC0002FAA}.Debug|Any CPU.Build.0 = Debug|Any CPU
		{1EFD60EC-E192-421B-8295-47FEC0002FAA}.Release|Any CPU.ActiveCfg = Release|Any CPU
		{1EFD60EC-E192-421B-8295-47FEC0002FAA}.Release|Any CPU.Build.0 = Release|Any CPU
		{EB2B205E-88D9-4A60-9CFE-28D57FCE7038}.Debug|Any CPU.ActiveCfg = Debug|Any CPU
		{EB2B205E-88D9-4A60-9CFE-28D57FCE7038}.Debug|Any CPU.Build.0 = Debug|Any CPU
		{EB2B205E-88D9-4A60-9CFE-28D57FCE7038}.Release|Any CPU.ActiveCfg = Release|Any CPU
		{EB2B205E-88D9-4A60-9CFE-28D57FCE7038}.Release|Any CPU.Build.0 = Release|Any CPU
		{DC57A5D2-C2B8-4DCD-8C0B-EF2620A2CB98}.Debug|Any CPU.ActiveCfg = Debug|Any CPU
		{DC57A5D2-C2B8-4DCD-8C0B-EF2620A2CB98}.Debug|Any CPU.Build.0 = Debug|Any CPU
		{DC57A5D2-C2B8-4DCD-8C0B-EF2620A2CB98}.Release|Any CPU.ActiveCfg = Release|Any CPU
		{DC57A5D2-C2B8-4DCD-8C0B-EF2620A2CB98}.Release|Any CPU.Build.0 = Release|Any CPU
		{C151589D-EE5E-4899-895A-E47908B452E3}.Debug|Any CPU.ActiveCfg = Debug|Any CPU
		{C151589D-EE5E-4899-895A-E47908B452E3}.Debug|Any CPU.Build.0 = Debug|Any CPU
		{C151589D-EE5E-4899-895A-E47908B452E3}.Release|Any CPU.ActiveCfg = Release|Any CPU
		{C151589D-EE5E-4899-895A-E47908B452E3}.Release|Any CPU.Build.0 = Release|Any CPU
		{83813FF7-C471-487C-AA1D-C3B91197A2AC}.Debug|Any CPU.ActiveCfg = Debug|Any CPU
		{83813FF7-C471-487C-AA1D-C3B91197A2AC}.Debug|Any CPU.Build.0 = Debug|Any CPU
		{83813FF7-C471-487C-AA1D-C3B91197A2AC}.Release|Any CPU.ActiveCfg = Release|Any CPU
		{83813FF7-C471-487C-AA1D-C3B91197A2AC}.Release|Any CPU.Build.0 = Release|Any CPU
		{DA47195A-F3B8-403C-8C7A-11A9F566FA55}.Debug|Any CPU.ActiveCfg = Debug|Any CPU
		{DA47195A-F3B8-403C-8C7A-11A9F566FA55}.Debug|Any CPU.Build.0 = Debug|Any CPU
		{DA47195A-F3B8-403C-8C7A-11A9F566FA55}.Release|Any CPU.ActiveCfg = Release|Any CPU
		{DA47195A-F3B8-403C-8C7A-11A9F566FA55}.Release|Any CPU.Build.0 = Release|Any CPU
		{6779035F-69C3-4687-BA74-F68682AB47ED}.Debug|Any CPU.ActiveCfg = Debug|Any CPU
		{6779035F-69C3-4687-BA74-F68682AB47ED}.Debug|Any CPU.Build.0 = Debug|Any CPU
		{6779035F-69C3-4687-BA74-F68682AB47ED}.Release|Any CPU.ActiveCfg = Release|Any CPU
		{6779035F-69C3-4687-BA74-F68682AB47ED}.Release|Any CPU.Build.0 = Release|Any CPU
		{6AF573DB-BF9D-4873-825D-DF4D0CB9EA93}.Debug|Any CPU.ActiveCfg = Debug|Any CPU
		{6AF573DB-BF9D-4873-825D-DF4D0CB9EA93}.Debug|Any CPU.Build.0 = Debug|Any CPU
		{6AF573DB-BF9D-4873-825D-DF4D0CB9EA93}.Release|Any CPU.ActiveCfg = Release|Any CPU
		{6AF573DB-BF9D-4873-825D-DF4D0CB9EA93}.Release|Any CPU.Build.0 = Release|Any CPU
	EndGlobalSection
	GlobalSection(SolutionProperties) = preSolution
		HideSolutionNode = FALSE
	EndGlobalSection
	GlobalSection(NestedProjects) = preSolution
		{6AACA4FE-3EB9-43D5-B446-F5D97B73A0EC} = {59652E9F-5893-443A-B2AE-A22E0A3887DA}
		{EC73CE8C-A0CF-4FC8-B365-3F21D9DFCC3A} = {2CA100AC-A2A5-48C4-98A2-5F6C6BBEED9C}
		{1EFD60EC-E192-421B-8295-47FEC0002FAA} = {2CA100AC-A2A5-48C4-98A2-5F6C6BBEED9C}
		{EB2B205E-88D9-4A60-9CFE-28D57FCE7038} = {2CA100AC-A2A5-48C4-98A2-5F6C6BBEED9C}
		{DC57A5D2-C2B8-4DCD-8C0B-EF2620A2CB98} = {59652E9F-5893-443A-B2AE-A22E0A3887DA}
		{C151589D-EE5E-4899-895A-E47908B452E3} = {E2585235-DA4D-4288-A691-539C82B7D983}
		{83813FF7-C471-487C-AA1D-C3B91197A2AC} = {34B48C36-7042-4AF1-A5EC-3D1B379874A2}
		{DA47195A-F3B8-403C-8C7A-11A9F566FA55} = {389D22DF-B471-488D-BE65-CF7876D0537C}
		{6779035F-69C3-4687-BA74-F68682AB47ED} = {D3EDE1BE-4C56-4DA8-8800-24EDDD92F109}
		{6AF573DB-BF9D-4873-825D-DF4D0CB9EA93} = {34B48C36-7042-4AF1-A5EC-3D1B379874A2}
	EndGlobalSection
EndGlobal
